// !$*UTF8*$!
{
	archiveVersion = 1;
	classes = {
	};
	objectVersion = 77;
	objects = {

/* Begin PBXContainerItemProxy section */
		E05A47142D148C7E00C4D617 /* PBXContainerItemProxy */ = {
			isa = PBXContainerItemProxy;
			containerPortal = E05A46FB2D148C7C00C4D617 /* Project object */;
			proxyType = 1;
			remoteGlobalIDString = E05A47022D148C7C00C4D617;
			remoteInfo = CompanionApp_Werkl;
		};
		E05A471E2D148C7E00C4D617 /* PBXContainerItemProxy */ = {
			isa = PBXContainerItemProxy;
			containerPortal = E05A46FB2D148C7C00C4D617 /* Project object */;
			proxyType = 1;
			remoteGlobalIDString = E05A47022D148C7C00C4D617;
			remoteInfo = CompanionApp_Werkl;
		};
/* End PBXContainerItemProxy section */

/* Begin PBXFileReference section */
		E05A47032D148C7C00C4D617 /* CompanionApp_Werkl.app */ = {isa = PBXFileReference; explicitFileType = wrapper.application; includeInIndex = 0; path = CompanionApp_Werkl.app; sourceTree = BUILT_PRODUCTS_DIR; };
		E05A47132D148C7E00C4D617 /* CompanionApp_WerklTests.xctest */ = {isa = PBXFileReference; explicitFileType = wrapper.cfbundle; includeInIndex = 0; path = CompanionApp_WerklTests.xctest; sourceTree = BUILT_PRODUCTS_DIR; };
		E05A471D2D148C7E00C4D617 /* CompanionApp_WerklUITests.xctest */ = {isa = PBXFileReference; explicitFileType = wrapper.cfbundle; includeInIndex = 0; path = CompanionApp_WerklUITests.xctest; sourceTree = BUILT_PRODUCTS_DIR; };
/* End PBXFileReference section */

/* Begin PBXFileSystemSynchronizedRootGroup section */
		E05A47052D148C7C00C4D617 /* CompanionApp_Werkl */ = {
			isa = PBXFileSystemSynchronizedRootGroup;
			path = CompanionApp_Werkl;
			sourceTree = "<group>";
		};
		E05A47162D148C7E00C4D617 /* CompanionApp_WerklTests */ = {
			isa = PBXFileSystemSynchronizedRootGroup;
			path = CompanionApp_WerklTests;
			sourceTree = "<group>";
		};
		E05A47202D148C7E00C4D617 /* CompanionApp_WerklUITests */ = {
			isa = PBXFileSystemSynchronizedRootGroup;
			path = CompanionApp_WerklUITests;
			sourceTree = "<group>";
		};
/* End PBXFileSystemSynchronizedRootGroup section */

/* Begin PBXFrameworksBuildPhase section */
		E05A47002D148C7C00C4D617 /* Frameworks */ = {
			isa = PBXFrameworksBuildPhase;
			buildActionMask = 2147483647;
			files = (
			);
			runOnlyForDeploymentPostprocessing = 0;
		};
		E05A47102D148C7E00C4D617 /* Frameworks */ = {
			isa = PBXFrameworksBuildPhase;
			buildActionMask = 2147483647;
			files = (
			);
			runOnlyForDeploymentPostprocessing = 0;
		};
		E05A471A2D148C7E00C4D617 /* Frameworks */ = {
			isa = PBXFrameworksBuildPhase;
			buildActionMask = 2147483647;
			files = (
			);
			runOnlyForDeploymentPostprocessing = 0;
		};
/* End PBXFrameworksBuildPhase section */

/* Begin PBXGroup section */
		E05A46FA2D148C7C00C4D617 = {
			isa = PBXGroup;
			children = (
				E05A47052D148C7C00C4D617 /* CompanionApp_Werkl */,
				E05A47162D148C7E00C4D617 /* CompanionApp_WerklTests */,
				E05A47202D148C7E00C4D617 /* CompanionApp_WerklUITests */,
				E05A47042D148C7C00C4D617 /* Products */,
			);
			sourceTree = "<group>";
		};
		E05A47042D148C7C00C4D617 /* Products */ = {
			isa = PBXGroup;
			children = (
				E05A47032D148C7C00C4D617 /* CompanionApp_Werkl.app */,
				E05A47132D148C7E00C4D617 /* CompanionApp_WerklTests.xctest */,
				E05A471D2D148C7E00C4D617 /* CompanionApp_WerklUITests.xctest */,
			);
			name = Products;
			sourceTree = "<group>";
		};
/* End PBXGroup section */

/* Begin PBXNativeTarget section */
		E05A47022D148C7C00C4D617 /* CompanionApp_Werkl */ = {
			isa = PBXNativeTarget;
			buildConfigurationList = E05A47272D148C7E00C4D617 /* Build configuration list for PBXNativeTarget "CompanionApp_Werkl" */;
			buildPhases = (
				E05A46FF2D148C7C00C4D617 /* Sources */,
				E05A47002D148C7C00C4D617 /* Frameworks */,
				E05A47012D148C7C00C4D617 /* Resources */,
			);
			buildRules = (
			);
			dependencies = (
			);
			fileSystemSynchronizedGroups = (
				E05A47052D148C7C00C4D617 /* CompanionApp_Werkl */,
			);
			name = CompanionApp_Werkl;
			packageProductDependencies = (
			);
			productName = CompanionApp_Werkl;
			productReference = E05A47032D148C7C00C4D617 /* CompanionApp_Werkl.app */;
			productType = "com.apple.product-type.application";
		};
		E05A47122D148C7E00C4D617 /* CompanionApp_WerklTests */ = {
			isa = PBXNativeTarget;
			buildConfigurationList = E05A472A2D148C7E00C4D617 /* Build configuration list for PBXNativeTarget "CompanionApp_WerklTests" */;
			buildPhases = (
				E05A470F2D148C7E00C4D617 /* Sources */,
				E05A47102D148C7E00C4D617 /* Frameworks */,
				E05A47112D148C7E00C4D617 /* Resources */,
			);
			buildRules = (
			);
			dependencies = (
				E05A47152D148C7E00C4D617 /* PBXTargetDependency */,
			);
			fileSystemSynchronizedGroups = (
				E05A47162D148C7E00C4D617 /* CompanionApp_WerklTests */,
			);
			name = CompanionApp_WerklTests;
			packageProductDependencies = (
			);
			productName = CompanionApp_WerklTests;
			productReference = E05A47132D148C7E00C4D617 /* CompanionApp_WerklTests.xctest */;
			productType = "com.apple.product-type.bundle.unit-test";
		};
		E05A471C2D148C7E00C4D617 /* CompanionApp_WerklUITests */ = {
			isa = PBXNativeTarget;
			buildConfigurationList = E05A472D2D148C7E00C4D617 /* Build configuration list for PBXNativeTarget "CompanionApp_WerklUITests" */;
			buildPhases = (
				E05A47192D148C7E00C4D617 /* Sources */,
				E05A471A2D148C7E00C4D617 /* Frameworks */,
				E05A471B2D148C7E00C4D617 /* Resources */,
			);
			buildRules = (
			);
			dependencies = (
				E05A471F2D148C7E00C4D617 /* PBXTargetDependency */,
			);
			fileSystemSynchronizedGroups = (
				E05A47202D148C7E00C4D617 /* CompanionApp_WerklUITests */,
			);
			name = CompanionApp_WerklUITests;
			packageProductDependencies = (
			);
			productName = CompanionApp_WerklUITests;
			productReference = E05A471D2D148C7E00C4D617 /* CompanionApp_WerklUITests.xctest */;
			productType = "com.apple.product-type.bundle.ui-testing";
		};
/* End PBXNativeTarget section */

/* Begin PBXProject section */
		E05A46FB2D148C7C00C4D617 /* Project object */ = {
			isa = PBXProject;
			attributes = {
				BuildIndependentTargetsInParallel = 1;
				LastSwiftUpdateCheck = 1610;
				LastUpgradeCheck = 1610;
				TargetAttributes = {
					E05A47022D148C7C00C4D617 = {
						CreatedOnToolsVersion = 16.1;
					};
					E05A47122D148C7E00C4D617 = {
						CreatedOnToolsVersion = 16.1;
						TestTargetID = E05A47022D148C7C00C4D617;
					};
					E05A471C2D148C7E00C4D617 = {
						CreatedOnToolsVersion = 16.1;
						TestTargetID = E05A47022D148C7C00C4D617;
					};
				};
			};
			buildConfigurationList = E05A46FE2D148C7C00C4D617 /* Build configuration list for PBXProject "CompanionApp_Werkl" */;
			developmentRegion = en;
			hasScannedForEncodings = 0;
			knownRegions = (
				en,
				Base,
			);
			mainGroup = E05A46FA2D148C7C00C4D617;
			minimizedProjectReferenceProxies = 1;
			preferredProjectObjectVersion = 77;
			productRefGroup = E05A47042D148C7C00C4D617 /* Products */;
			projectDirPath = "";
			projectRoot = "";
			targets = (
				E05A47022D148C7C00C4D617 /* CompanionApp_Werkl */,
				E05A47122D148C7E00C4D617 /* CompanionApp_WerklTests */,
				E05A471C2D148C7E00C4D617 /* CompanionApp_WerklUITests */,
			);
		};
/* End PBXProject section */

/* Begin PBXResourcesBuildPhase section */
		E05A47012D148C7C00C4D617 /* Resources */ = {
			isa = PBXResourcesBuildPhase;
			buildActionMask = 2147483647;
			files = (
			);
			runOnlyForDeploymentPostprocessing = 0;
		};
		E05A47112D148C7E00C4D617 /* Resources */ = {
			isa = PBXResourcesBuildPhase;
			buildActionMask = 2147483647;
			files = (
			);
			runOnlyForDeploymentPostprocessing = 0;
		};
		E05A471B2D148C7E00C4D617 /* Resources */ = {
			isa = PBXResourcesBuildPhase;
			buildActionMask = 2147483647;
			files = (
			);
			runOnlyForDeploymentPostprocessing = 0;
		};
/* End PBXResourcesBuildPhase section */

/* Begin PBXSourcesBuildPhase section */
		E05A46FF2D148C7C00C4D617 /* Sources */ = {
			isa = PBXSourcesBuildPhase;
			buildActionMask = 2147483647;
			files = (
			);
			runOnlyForDeploymentPostprocessing = 0;
		};
		E05A470F2D148C7E00C4D617 /* Sources */ = {
			isa = PBXSourcesBuildPhase;
			buildActionMask = 2147483647;
			files = (
			);
			runOnlyForDeploymentPostprocessing = 0;
		};
		E05A47192D148C7E00C4D617 /* Sources */ = {
			isa = PBXSourcesBuildPhase;
			buildActionMask = 2147483647;
			files = (
			);
			runOnlyForDeploymentPostprocessing = 0;
		};
/* End PBXSourcesBuildPhase section */

/* Begin PBXTargetDependency section */
		E05A47152D148C7E00C4D617 /* PBXTargetDependency */ = {
			isa = PBXTargetDependency;
			target = E05A47022D148C7C00C4D617 /* CompanionApp_Werkl */;
			targetProxy = E05A47142D148C7E00C4D617 /* PBXContainerItemProxy */;
		};
		E05A471F2D148C7E00C4D617 /* PBXTargetDependency */ = {
			isa = PBXTargetDependency;
			target = E05A47022D148C7C00C4D617 /* CompanionApp_Werkl */;
			targetProxy = E05A471E2D148C7E00C4D617 /* PBXContainerItemProxy */;
		};
/* End PBXTargetDependency section */

/* Begin XCBuildConfiguration section */
		E05A47252D148C7E00C4D617 /* Debug */ = {
			isa = XCBuildConfiguration;
			buildSettings = {
				ALWAYS_SEARCH_USER_PATHS = NO;
				ASSETCATALOG_COMPILER_GENERATE_SWIFT_ASSET_SYMBOL_EXTENSIONS = YES;
				CLANG_ANALYZER_NONNULL = YES;
				CLANG_ANALYZER_NUMBER_OBJECT_CONVERSION = YES_AGGRESSIVE;
				CLANG_CXX_LANGUAGE_STANDARD = "gnu++20";
				CLANG_ENABLE_MODULES = YES;
				CLANG_ENABLE_OBJC_ARC = YES;
				CLANG_ENABLE_OBJC_WEAK = YES;
				CLANG_WARN_BLOCK_CAPTURE_AUTORELEASING = YES;
				CLANG_WARN_BOOL_CONVERSION = YES;
				CLANG_WARN_COMMA = YES;
				CLANG_WARN_CONSTANT_CONVERSION = YES;
				CLANG_WARN_DEPRECATED_OBJC_IMPLEMENTATIONS = YES;
				CLANG_WARN_DIRECT_OBJC_ISA_USAGE = YES_ERROR;
				CLANG_WARN_DOCUMENTATION_COMMENTS = YES;
				CLANG_WARN_EMPTY_BODY = YES;
				CLANG_WARN_ENUM_CONVERSION = YES;
				CLANG_WARN_INFINITE_RECURSION = YES;
				CLANG_WARN_INT_CONVERSION = YES;
				CLANG_WARN_NON_LITERAL_NULL_CONVERSION = YES;
				CLANG_WARN_OBJC_IMPLICIT_RETAIN_SELF = YES;
				CLANG_WARN_OBJC_LITERAL_CONVERSION = YES;
				CLANG_WARN_OBJC_ROOT_CLASS = YES_ERROR;
				CLANG_WARN_QUOTED_INCLUDE_IN_FRAMEWORK_HEADER = YES;
				CLANG_WARN_RANGE_LOOP_ANALYSIS = YES;
				CLANG_WARN_STRICT_PROTOTYPES = YES;
				CLANG_WARN_SUSPICIOUS_MOVE = YES;
				CLANG_WARN_UNGUARDED_AVAILABILITY = YES_AGGRESSIVE;
				CLANG_WARN_UNREACHABLE_CODE = YES;
				CLANG_WARN__DUPLICATE_METHOD_MATCH = YES;
				COPY_PHASE_STRIP = NO;
				DEBUG_INFORMATION_FORMAT = dwarf;
				ENABLE_STRICT_OBJC_MSGSEND = YES;
				ENABLE_TESTABILITY = YES;
				ENABLE_USER_SCRIPT_SANDBOXING = YES;
				GCC_C_LANGUAGE_STANDARD = gnu17;
				GCC_DYNAMIC_NO_PIC = NO;
				GCC_NO_COMMON_BLOCKS = YES;
				GCC_OPTIMIZATION_LEVEL = 0;
				GCC_PREPROCESSOR_DEFINITIONS = (
					"DEBUG=1",
					"$(inherited)",
				);
				GCC_WARN_64_TO_32_BIT_CONVERSION = YES;
				GCC_WARN_ABOUT_RETURN_TYPE = YES_ERROR;
				GCC_WARN_UNDECLARED_SELECTOR = YES;
				GCC_WARN_UNINITIALIZED_AUTOS = YES_AGGRESSIVE;
				GCC_WARN_UNUSED_FUNCTION = YES;
				GCC_WARN_UNUSED_VARIABLE = YES;
				IPHONEOS_DEPLOYMENT_TARGET = 18.1;
				LOCALIZATION_PREFERS_STRING_CATALOGS = YES;
				MTL_ENABLE_DEBUG_INFO = INCLUDE_SOURCE;
				MTL_FAST_MATH = YES;
				ONLY_ACTIVE_ARCH = YES;
				SDKROOT = iphoneos;
				SWIFT_ACTIVE_COMPILATION_CONDITIONS = "DEBUG $(inherited)";
				SWIFT_OPTIMIZATION_LEVEL = "-Onone";
			};
			name = Debug;
		};
		E05A47262D148C7E00C4D617 /* Release */ = {
			isa = XCBuildConfiguration;
			buildSettings = {
				ALWAYS_SEARCH_USER_PATHS = NO;
				ASSETCATALOG_COMPILER_GENERATE_SWIFT_ASSET_SYMBOL_EXTENSIONS = YES;
				CLANG_ANALYZER_NONNULL = YES;
				CLANG_ANALYZER_NUMBER_OBJECT_CONVERSION = YES_AGGRESSIVE;
				CLANG_CXX_LANGUAGE_STANDARD = "gnu++20";
				CLANG_ENABLE_MODULES = YES;
				CLANG_ENABLE_OBJC_ARC = YES;
				CLANG_ENABLE_OBJC_WEAK = YES;
				CLANG_WARN_BLOCK_CAPTURE_AUTORELEASING = YES;
				CLANG_WARN_BOOL_CONVERSION = YES;
				CLANG_WARN_COMMA = YES;
				CLANG_WARN_CONSTANT_CONVERSION = YES;
				CLANG_WARN_DEPRECATED_OBJC_IMPLEMENTATIONS = YES;
				CLANG_WARN_DIRECT_OBJC_ISA_USAGE = YES_ERROR;
				CLANG_WARN_DOCUMENTATION_COMMENTS = YES;
				CLANG_WARN_EMPTY_BODY = YES;
				CLANG_WARN_ENUM_CONVERSION = YES;
				CLANG_WARN_INFINITE_RECURSION = YES;
				CLANG_WARN_INT_CONVERSION = YES;
				CLANG_WARN_NON_LITERAL_NULL_CONVERSION = YES;
				CLANG_WARN_OBJC_IMPLICIT_RETAIN_SELF = YES;
				CLANG_WARN_OBJC_LITERAL_CONVERSION = YES;
				CLANG_WARN_OBJC_ROOT_CLASS = YES_ERROR;
				CLANG_WARN_QUOTED_INCLUDE_IN_FRAMEWORK_HEADER = YES;
				CLANG_WARN_RANGE_LOOP_ANALYSIS = YES;
				CLANG_WARN_STRICT_PROTOTYPES = YES;
				CLANG_WARN_SUSPICIOUS_MOVE = YES;
				CLANG_WARN_UNGUARDED_AVAILABILITY = YES_AGGRESSIVE;
				CLANG_WARN_UNREACHABLE_CODE = YES;
				CLANG_WARN__DUPLICATE_METHOD_MATCH = YES;
				COPY_PHASE_STRIP = NO;
				DEBUG_INFORMATION_FORMAT = "dwarf-with-dsym";
				ENABLE_NS_ASSERTIONS = NO;
				ENABLE_STRICT_OBJC_MSGSEND = YES;
				ENABLE_USER_SCRIPT_SANDBOXING = YES;
				GCC_C_LANGUAGE_STANDARD = gnu17;
				GCC_NO_COMMON_BLOCKS = YES;
				GCC_WARN_64_TO_32_BIT_CONVERSION = YES;
				GCC_WARN_ABOUT_RETURN_TYPE = YES_ERROR;
				GCC_WARN_UNDECLARED_SELECTOR = YES;
				GCC_WARN_UNINITIALIZED_AUTOS = YES_AGGRESSIVE;
				GCC_WARN_UNUSED_FUNCTION = YES;
				GCC_WARN_UNUSED_VARIABLE = YES;
				IPHONEOS_DEPLOYMENT_TARGET = 18.1;
				LOCALIZATION_PREFERS_STRING_CATALOGS = YES;
				MTL_ENABLE_DEBUG_INFO = NO;
				MTL_FAST_MATH = YES;
				SDKROOT = iphoneos;
				SWIFT_COMPILATION_MODE = wholemodule;
				VALIDATE_PRODUCT = YES;
			};
			name = Release;
		};
		E05A47282D148C7E00C4D617 /* Debug */ = {
			isa = XCBuildConfiguration;
			buildSettings = {
				ASSETCATALOG_COMPILER_APPICON_NAME = AppIcon;
				ASSETCATALOG_COMPILER_GLOBAL_ACCENT_COLOR_NAME = AccentColor;
				CODE_SIGN_STYLE = Automatic;
				CURRENT_PROJECT_VERSION = 1;
				DEVELOPMENT_ASSET_PATHS = "\"CompanionApp_Werkl/Preview Content\"";
				DEVELOPMENT_TEAM = 95VFXQ2SB2;
				ENABLE_PREVIEWS = YES;
				GENERATE_INFOPLIST_FILE = YES;
				INFOPLIST_KEY_UIApplicationSceneManifest_Generation = YES;
				INFOPLIST_KEY_UIApplicationSupportsIndirectInputEvents = YES;
				INFOPLIST_KEY_UILaunchScreen_Generation = YES;
				INFOPLIST_KEY_UISupportedInterfaceOrientations_iPad = "UIInterfaceOrientationPortrait UIInterfaceOrientationPortraitUpsideDown UIInterfaceOrientationLandscapeLeft UIInterfaceOrientationLandscapeRight";
				INFOPLIST_KEY_UISupportedInterfaceOrientations_iPhone = "UIInterfaceOrientationPortrait UIInterfaceOrientationLandscapeLeft UIInterfaceOrientationLandscapeRight";
				LD_RUNPATH_SEARCH_PATHS = (
					"$(inherited)",
					"@executable_path/Frameworks",
				);
				MARKETING_VERSION = 1.0;
				PRODUCT_BUNDLE_IDENTIFIER = "at.werkl.CompanionApp-Werkl";
				PRODUCT_NAME = "$(TARGET_NAME)";
				SWIFT_EMIT_LOC_STRINGS = YES;
				SWIFT_VERSION = 5.0;
				TARGETED_DEVICE_FAMILY = "1,2";
			};
			name = Debug;
		};
		E05A47292D148C7E00C4D617 /* Release */ = {
			isa = XCBuildConfiguration;
			buildSettings = {
				ASSETCATALOG_COMPILER_APPICON_NAME = AppIcon;
				ASSETCATALOG_COMPILER_GLOBAL_ACCENT_COLOR_NAME = AccentColor;
				CODE_SIGN_STYLE = Automatic;
				CURRENT_PROJECT_VERSION = 1;
				DEVELOPMENT_ASSET_PATHS = "\"CompanionApp_Werkl/Preview Content\"";
				DEVELOPMENT_TEAM = 95VFXQ2SB2;
				ENABLE_PREVIEWS = YES;
				GENERATE_INFOPLIST_FILE = YES;
				INFOPLIST_KEY_UIApplicationSceneManifest_Generation = YES;
				INFOPLIST_KEY_UIApplicationSupportsIndirectInputEvents = YES;
				INFOPLIST_KEY_UILaunchScreen_Generation = YES;
				INFOPLIST_KEY_UISupportedInterfaceOrientations_iPad = "UIInterfaceOrientationPortrait UIInterfaceOrientationPortraitUpsideDown UIInterfaceOrientationLandscapeLeft UIInterfaceOrientationLandscapeRight";
				INFOPLIST_KEY_UISupportedInterfaceOrientations_iPhone = "UIInterfaceOrientationPortrait UIInterfaceOrientationLandscapeLeft UIInterfaceOrientationLandscapeRight";
				LD_RUNPATH_SEARCH_PATHS = (
					"$(inherited)",
					"@executable_path/Frameworks",
				);
				MARKETING_VERSION = 1.0;
				PRODUCT_BUNDLE_IDENTIFIER = "at.werkl.CompanionApp-Werkl";
				PRODUCT_NAME = "$(TARGET_NAME)";
				SWIFT_EMIT_LOC_STRINGS = YES;
				SWIFT_VERSION = 5.0;
				TARGETED_DEVICE_FAMILY = "1,2";
			};
			name = Release;
		};
		E05A472B2D148C7E00C4D617 /* Debug */ = {
			isa = XCBuildConfiguration;
			buildSettings = {
				BUNDLE_LOADER = "$(TEST_HOST)";
				CODE_SIGN_STYLE = Automatic;
				CURRENT_PROJECT_VERSION = 1;
				DEVELOPMENT_TEAM = 95VFXQ2SB2;
				GENERATE_INFOPLIST_FILE = YES;
				IPHONEOS_DEPLOYMENT_TARGET = 18.1;
				MARKETING_VERSION = 1.0;
				PRODUCT_BUNDLE_IDENTIFIER = "at.werkl.CompanionApp-WerklTests";
				PRODUCT_NAME = "$(TARGET_NAME)";
				SWIFT_EMIT_LOC_STRINGS = NO;
				SWIFT_VERSION = 5.0;
				TARGETED_DEVICE_FAMILY = "1,2";
				TEST_HOST = "$(BUILT_PRODUCTS_DIR)/CompanionApp_Werkl.app/$(BUNDLE_EXECUTABLE_FOLDER_PATH)/CompanionApp_Werkl";
			};
			name = Debug;
		};
		E05A472C2D148C7E00C4D617 /* Release */ = {
			isa = XCBuildConfiguration;
			buildSettings = {
				BUNDLE_LOADER = "$(TEST_HOST)";
				CODE_SIGN_STYLE = Automatic;
				CURRENT_PROJECT_VERSION = 1;
				DEVELOPMENT_TEAM = 95VFXQ2SB2;
				GENERATE_INFOPLIST_FILE = YES;
				IPHONEOS_DEPLOYMENT_TARGET = 18.1;
				MARKETING_VERSION = 1.0;
				PRODUCT_BUNDLE_IDENTIFIER = "at.werkl.CompanionApp-WerklTests";
				PRODUCT_NAME = "$(TARGET_NAME)";
				SWIFT_EMIT_LOC_STRINGS = NO;
				SWIFT_VERSION = 5.0;
				TARGETED_DEVICE_FAMILY = "1,2";
				TEST_HOST = "$(BUILT_PRODUCTS_DIR)/CompanionApp_Werkl.app/$(BUNDLE_EXECUTABLE_FOLDER_PATH)/CompanionApp_Werkl";
			};
			name = Release;
		};
		E05A472E2D148C7E00C4D617 /* Debug */ = {
			isa = XCBuildConfiguration;
			buildSettings = {
				CODE_SIGN_STYLE = Automatic;
				CURRENT_PROJECT_VERSION = 1;
				DEVELOPMENT_TEAM = 95VFXQ2SB2;
				GENERATE_INFOPLIST_FILE = YES;
				MARKETING_VERSION = 1.0;
				PRODUCT_BUNDLE_IDENTIFIER = "at.werkl.CompanionApp-WerklUITests";
				PRODUCT_NAME = "$(TARGET_NAME)";
				SWIFT_EMIT_LOC_STRINGS = NO;
				SWIFT_VERSION = 5.0;
				TARGETED_DEVICE_FAMILY = "1,2";
				TEST_TARGET_NAME = CompanionApp_Werkl;
			};
			name = Debug;
		};
		E05A472F2D148C7E00C4D617 /* Release */ = {
			isa = XCBuildConfiguration;
			buildSettings = {
				CODE_SIGN_STYLE = Automatic;
				CURRENT_PROJECT_VERSION = 1;
				DEVELOPMENT_TEAM = 95VFXQ2SB2;
				GENERATE_INFOPLIST_FILE = YES;
				MARKETING_VERSION = 1.0;
				PRODUCT_BUNDLE_IDENTIFIER = "at.werkl.CompanionApp-WerklUITests";
				PRODUCT_NAME = "$(TARGET_NAME)";
				SWIFT_EMIT_LOC_STRINGS = NO;
				SWIFT_VERSION = 5.0;
				TARGETED_DEVICE_FAMILY = "1,2";
				TEST_TARGET_NAME = CompanionApp_Werkl;
			};
			name = Release;
		};
/* End XCBuildConfiguration section */

/* Begin XCConfigurationList section */
		E05A46FE2D148C7C00C4D617 /* Build configuration list for PBXProject "CompanionApp_Werkl" */ = {
			isa = XCConfigurationList;
			buildConfigurations = (
				E05A47252D148C7E00C4D617 /* Debug */,
				E05A47262D148C7E00C4D617 /* Release */,
			);
			defaultConfigurationIsVisible = 0;
			defaultConfigurationName = Release;
		};
		E05A47272D148C7E00C4D617 /* Build configuration list for PBXNativeTarget "CompanionApp_Werkl" */ = {
			isa = XCConfigurationList;
			buildConfigurations = (
				E05A47282D148C7E00C4D617 /* Debug */,
				E05A47292D148C7E00C4D617 /* Release */,
			);
			defaultConfigurationIsVisible = 0;
			defaultConfigurationName = Release;
		};
		E05A472A2D148C7E00C4D617 /* Build configuration list for PBXNativeTarget "CompanionApp_WerklTests" */ = {
			isa = XCConfigurationList;
			buildConfigurations = (
				E05A472B2D148C7E00C4D617 /* Debug */,
				E05A472C2D148C7E00C4D617 /* Release */,
			);
			defaultConfigurationIsVisible = 0;
			defaultConfigurationName = Release;
		};
		E05A472D2D148C7E00C4D617 /* Build configuration list for PBXNativeTarget "CompanionApp_WerklUITests" */ = {
			isa = XCConfigurationList;
			buildConfigurations = (
				E05A472E2D148C7E00C4D617 /* Debug */,
				E05A472F2D148C7E00C4D617 /* Release */,
			);
			defaultConfigurationIsVisible = 0;
			defaultConfigurationName = Release;
		};
/* End XCConfigurationList section */
	};
	rootObject = E05A46FB2D148C7C00C4D617 /* Project object */;
}
